// !$*UTF8*$!
{
	archiveVersion = 1;
	classes = {
	};
	objectVersion = 50;
	objects = {

/* Begin PBXBuildFile section */
		A3C6591026E005AB00D12FFA /* AppDelegate.swift in Sources */ = {isa = PBXBuildFile; fileRef = A3C6590F26E005AB00D12FFA /* AppDelegate.swift */; };
		A3C6591226E005AB00D12FFA /* SceneDelegate.swift in Sources */ = {isa = PBXBuildFile; fileRef = A3C6591126E005AB00D12FFA /* SceneDelegate.swift */; };
		A3C6591426E005AB00D12FFA /* ContentView.swift in Sources */ = {isa = PBXBuildFile; fileRef = A3C6591326E005AB00D12FFA /* ContentView.swift */; };
		A3C6591626E005AE00D12FFA /* Assets.xcassets in Resources */ = {isa = PBXBuildFile; fileRef = A3C6591526E005AE00D12FFA /* Assets.xcassets */; };
		A3C6591926E005AE00D12FFA /* Preview Assets.xcassets in Resources */ = {isa = PBXBuildFile; fileRef = A3C6591826E005AE00D12FFA /* Preview Assets.xcassets */; };
		A3C6591C26E005AE00D12FFA /* LaunchScreen.storyboard in Resources */ = {isa = PBXBuildFile; fileRef = A3C6591A26E005AE00D12FFA /* LaunchScreen.storyboard */; };
		A3C6592726E1582000D12FFA /* Screen2.png in Resources */ = {isa = PBXBuildFile; fileRef = A3C6592526E1582000D12FFA /* Screen2.png */; };
		A3C6592826E1582000D12FFA /* Screen1.png in Resources */ = {isa = PBXBuildFile; fileRef = A3C6592626E1582000D12FFA /* Screen1.png */; };
/* End PBXBuildFile section */

/* Begin PBXFileReference section */
		A3C6590C26E005AB00D12FFA /* DatePicker.app */ = {isa = PBXFileReference; explicitFileType = wrapper.application; includeInIndex = 0; path = DatePicker.app; sourceTree = BUILT_PRODUCTS_DIR; };
		A3C6590F26E005AB00D12FFA /* AppDelegate.swift */ = {isa = PBXFileReference; lastKnownFileType = sourcecode.swift; path = AppDelegate.swift; sourceTree = "<group>"; };
		A3C6591126E005AB00D12FFA /* SceneDelegate.swift */ = {isa = PBXFileReference; lastKnownFileType = sourcecode.swift; path = SceneDelegate.swift; sourceTree = "<group>"; };
		A3C6591326E005AB00D12FFA /* ContentView.swift */ = {isa = PBXFileReference; lastKnownFileType = sourcecode.swift; path = ContentView.swift; sourceTree = "<group>"; };
		A3C6591526E005AE00D12FFA /* Assets.xcassets */ = {isa = PBXFileReference; lastKnownFileType = folder.assetcatalog; path = Assets.xcassets; sourceTree = "<group>"; };
		A3C6591826E005AE00D12FFA /* Preview Assets.xcassets */ = {isa = PBXFileReference; lastKnownFileType = folder.assetcatalog; path = "Preview Assets.xcassets"; sourceTree = "<group>"; };
		A3C6591B26E005AE00D12FFA /* Base */ = {isa = PBXFileReference; lastKnownFileType = file.storyboard; name = Base; path = Base.lproj/LaunchScreen.storyboard; sourceTree = "<group>"; };
		A3C6591D26E005AE00D12FFA /* Info.plist */ = {isa = PBXFileReference; lastKnownFileType = text.plist.xml; path = Info.plist; sourceTree = "<group>"; };
		A3C6592526E1582000D12FFA /* Screen2.png */ = {isa = PBXFileReference; lastKnownFileType = image.png; path = Screen2.png; sourceTree = "<group>"; };
		A3C6592626E1582000D12FFA /* Screen1.png */ = {isa = PBXFileReference; lastKnownFileType = image.png; path = Screen1.png; sourceTree = "<group>"; };
/* End PBXFileReference section */

/* Begin PBXFrameworksBuildPhase section */
		A3C6590926E005AB00D12FFA /* Frameworks */ = {
			isa = PBXFrameworksBuildPhase;
			buildActionMask = 2147483647;
			files = (
			);
			runOnlyForDeploymentPostprocessing = 0;
		};
/* End PBXFrameworksBuildPhase section */

/* Begin PBXGroup section */
		A3C6590326E005AB00D12FFA = {
			isa = PBXGroup;
			children = (
				A3C6590E26E005AB00D12FFA /* DatePicker */,
				A3C6590D26E005AB00D12FFA /* Products */,
			);
			sourceTree = "<group>";
		};
		A3C6590D26E005AB00D12FFA /* Products */ = {
			isa = PBXGroup;
			children = (
				A3C6590C26E005AB00D12FFA /* DatePicker.app */,
			);
			name = Products;
			sourceTree = "<group>";
		};
		A3C6590E26E005AB00D12FFA /* DatePicker */ = {
			isa = PBXGroup;
			children = (
				A3C6592426E1559E00D12FFA /* Screenshots */,
				A3C6590F26E005AB00D12FFA /* AppDelegate.swift */,
				A3C6591126E005AB00D12FFA /* SceneDelegate.swift */,
				A3C6591326E005AB00D12FFA /* ContentView.swift */,
				A3C6591526E005AE00D12FFA /* Assets.xcassets */,
				A3C6591A26E005AE00D12FFA /* LaunchScreen.storyboard */,
				A3C6591D26E005AE00D12FFA /* Info.plist */,
				A3C6591726E005AE00D12FFA /* Preview Content */,
			);
			path = DatePicker;
			sourceTree = "<group>";
		};
		A3C6591726E005AE00D12FFA /* Preview Content */ = {
			isa = PBXGroup;
			children = (
				A3C6591826E005AE00D12FFA /* Preview Assets.xcassets */,
			);
			path = "Preview Content";
			sourceTree = "<group>";
		};
		A3C6592426E1559E00D12FFA /* Screenshots */ = {
			isa = PBXGroup;
			children = (
				A3C6592626E1582000D12FFA /* Screen1.png */,
				A3C6592526E1582000D12FFA /* Screen2.png */,
			);
			path = Screenshots;
			sourceTree = "<group>";
		};
/* End PBXGroup section */

/* Begin PBXNativeTarget section */
		A3C6590B26E005AB00D12FFA /* DatePicker */ = {
			isa = PBXNativeTarget;
			buildConfigurationList = A3C6592026E005AE00D12FFA /* Build configuration list for PBXNativeTarget "DatePicker" */;
			buildPhases = (
				A3C6590826E005AB00D12FFA /* Sources */,
				A3C6590926E005AB00D12FFA /* Frameworks */,
				A3C6590A26E005AB00D12FFA /* Resources */,
			);
			buildRules = (
			);
			dependencies = (
			);
			name = DatePicker;
			productName = DatePicker;
			productReference = A3C6590C26E005AB00D12FFA /* DatePicker.app */;
			productType = "com.apple.product-type.application";
		};
/* End PBXNativeTarget section */

/* Begin PBXProject section */
		A3C6590426E005AB00D12FFA /* Project object */ = {
			isa = PBXProject;
			attributes = {
				LastSwiftUpdateCheck = 1240;
				LastUpgradeCheck = 1240;
				TargetAttributes = {
					A3C6590B26E005AB00D12FFA = {
						CreatedOnToolsVersion = 12.4;
					};
				};
			};
			buildConfigurationList = A3C6590726E005AB00D12FFA /* Build configuration list for PBXProject "DatePicker" */;
			compatibilityVersion = "Xcode 9.3";
			developmentRegion = en;
			hasScannedForEncodings = 0;
			knownRegions = (
				en,
				Base,
			);
			mainGroup = A3C6590326E005AB00D12FFA;
			productRefGroup = A3C6590D26E005AB00D12FFA /* Products */;
			projectDirPath = "";
			projectRoot = "";
			targets = (
				A3C6590B26E005AB00D12FFA /* DatePicker */,
			);
		};
/* End PBXProject section */

/* Begin PBXResourcesBuildPhase section */
		A3C6590A26E005AB00D12FFA /* Resources */ = {
			isa = PBXResourcesBuildPhase;
			buildActionMask = 2147483647;
			files = (
				A3C6592726E1582000D12FFA /* Screen2.png in Resources */,
				A3C6591C26E005AE00D12FFA /* LaunchScreen.storyboard in Resources */,
				A3C6591926E005AE00D12FFA /* Preview Assets.xcassets in Resources */,
				A3C6591626E005AE00D12FFA /* Assets.xcassets in Resources */,
				A3C6592826E1582000D12FFA /* Screen1.png in Resources */,
			);
			runOnlyForDeploymentPostprocessing = 0;
		};
/* End PBXResourcesBuildPhase section */

/* Begin PBXSourcesBuildPhase section */
		A3C6590826E005AB00D12FFA /* Sources */ = {
			isa = PBXSourcesBuildPhase;
			buildActionMask = 2147483647;
			files = (
				A3C6591026E005AB00D12FFA /* AppDelegate.swift in Sources */,
				A3C6591226E005AB00D12FFA /* SceneDelegate.swift in Sources */,
				A3C6591426E005AB00D12FFA /* ContentView.swift in Sources */,
			);
			runOnlyForDeploymentPostprocessing = 0;
		};
/* End PBXSourcesBuildPhase section */

/* Begin PBXVariantGroup section */
		A3C6591A26E005AE00D12FFA /* LaunchScreen.storyboard */ = {
			isa = PBXVariantGroup;
			children = (
				A3C6591B26E005AE00D12FFA /* Base */,
			);
			name = LaunchScreen.storyboard;
			sourceTree = "<group>";
		};
/* End PBXVariantGroup section */

/* Begin XCBuildConfiguration section */
		A3C6591E26E005AE00D12FFA /* Debug */ = {
			isa = XCBuildConfiguration;
			buildSettings = {
				ALWAYS_SEARCH_USER_PATHS = NO;
				CLANG_ANALYZER_NONNULL = YES;
				CLANG_ANALYZER_NUMBER_OBJECT_CONVERSION = YES_AGGRESSIVE;
				CLANG_CXX_LANGUAGE_STANDARD = "gnu++14";
				CLANG_CXX_LIBRARY = "libc++";
				CLANG_ENABLE_MODULES = YES;
				CLANG_ENABLE_OBJC_ARC = YES;
				CLANG_ENABLE_OBJC_WEAK = YES;
				CLANG_WARN_BLOCK_CAPTURE_AUTORELEASING = YES;
				CLANG_WARN_BOOL_CONVERSION = YES;
				CLANG_WARN_COMMA = YES;
				CLANG_WARN_CONSTANT_CONVERSION = YES;
				CLANG_WARN_DEPRECATED_OBJC_IMPLEMENTATIONS = YES;
				CLANG_WARN_DIRECT_OBJC_ISA_USAGE = YES_ERROR;
				CLANG_WARN_DOCUMENTATION_COMMENTS = YES;
				CLANG_WARN_EMPTY_BODY = YES;
				CLANG_WARN_ENUM_CONVERSION = YES;
				CLANG_WARN_INFINITE_RECURSION = YES;
				CLANG_WARN_INT_CONVERSION = YES;
				CLANG_WARN_NON_LITERAL_NULL_CONVERSION = YES;
				CLANG_WARN_OBJC_IMPLICIT_RETAIN_SELF = YES;
				CLANG_WARN_OBJC_LITERAL_CONVERSION = YES;
				CLANG_WARN_OBJC_ROOT_CLASS = YES_ERROR;
				CLANG_WARN_QUOTED_INCLUDE_IN_FRAMEWORK_HEADER = YES;
				CLANG_WARN_RANGE_LOOP_ANALYSIS = YES;
				CLANG_WARN_STRICT_PROTOTYPES = YES;
				CLANG_WARN_SUSPICIOUS_MOVE = YES;
				CLANG_WARN_UNGUARDED_AVAILABILITY = YES_AGGRESSIVE;
				CLANG_WARN_UNREACHABLE_CODE = YES;
				CLANG_WARN__DUPLICATE_METHOD_MATCH = YES;
				COPY_PHASE_STRIP = NO;
				DEBUG_INFORMATION_FORMAT = dwarf;
				ENABLE_STRICT_OBJC_MSGSEND = YES;
				ENABLE_TESTABILITY = YES;
				GCC_C_LANGUAGE_STANDARD = gnu11;
				GCC_DYNAMIC_NO_PIC = NO;
				GCC_NO_COMMON_BLOCKS = YES;
				GCC_OPTIMIZATION_LEVEL = 0;
				GCC_PREPROCESSOR_DEFINITIONS = (
					"DEBUG=1",
					"$(inherited)",
				);
				GCC_WARN_64_TO_32_BIT_CONVERSION = YES;
				GCC_WARN_ABOUT_RETURN_TYPE = YES_ERROR;
				GCC_WARN_UNDECLARED_SELECTOR = YES;
				GCC_WARN_UNINITIALIZED_AUTOS = YES_AGGRESSIVE;
				GCC_WARN_UNUSED_FUNCTION = YES;
				GCC_WARN_UNUSED_VARIABLE = YES;
				IPHONEOS_DEPLOYMENT_TARGET = 14.4;
				MTL_ENABLE_DEBUG_INFO = INCLUDE_SOURCE;
				MTL_FAST_MATH = YES;
				ONLY_ACTIVE_ARCH = YES;
				SDKROOT = iphoneos;
				SWIFT_ACTIVE_COMPILATION_CONDITIONS = DEBUG;
				SWIFT_OPTIMIZATION_LEVEL = "-Onone";
			};
			name = Debug;
		};
		A3C6591F26E005AE00D12FFA /* Release */ = {
			isa = XCBuildConfiguration;
			buildSettings = {
				ALWAYS_SEARCH_USER_PATHS = NO;
				CLANG_ANALYZER_NONNULL = YES;
				CLANG_ANALYZER_NUMBER_OBJECT_CONVERSION = YES_AGGRESSIVE;
				CLANG_CXX_LANGUAGE_STANDARD = "gnu++14";
				CLANG_CXX_LIBRARY = "libc++";
				CLANG_ENABLE_MODULES = YES;
				CLANG_ENABLE_OBJC_ARC = YES;
				CLANG_ENABLE_OBJC_WEAK = YES;
				CLANG_WARN_BLOCK_CAPTURE_AUTORELEASING = YES;
				CLANG_WARN_BOOL_CONVERSION = YES;
				CLANG_WARN_COMMA = YES;
				CLANG_WARN_CONSTANT_CONVERSION = YES;
				CLANG_WARN_DEPRECATED_OBJC_IMPLEMENTATIONS = YES;
				CLANG_WARN_DIRECT_OBJC_ISA_USAGE = YES_ERROR;
				CLANG_WARN_DOCUMENTATION_COMMENTS = YES;
				CLANG_WARN_EMPTY_BODY = YES;
				CLANG_WARN_ENUM_CONVERSION = YES;
				CLANG_WARN_INFINITE_RECURSION = YES;
				CLANG_WARN_INT_CONVERSION = YES;
				CLANG_WARN_NON_LITERAL_NULL_CONVERSION = YES;
				CLANG_WARN_OBJC_IMPLICIT_RETAIN_SELF = YES;
				CLANG_WARN_OBJC_LITERAL_CONVERSION = YES;
				CLANG_WARN_OBJC_ROOT_CLASS = YES_ERROR;
				CLANG_WARN_QUOTED_INCLUDE_IN_FRAMEWORK_HEADER = YES;
				CLANG_WARN_RANGE_LOOP_ANALYSIS = YES;
				CLANG_WARN_STRICT_PROTOTYPES = YES;
				CLANG_WARN_SUSPICIOUS_MOVE = YES;
				CLANG_WARN_UNGUARDED_AVAILABILITY = YES_AGGRESSIVE;
				CLANG_WARN_UNREACHABLE_CODE = YES;
				CLANG_WARN__DUPLICATE_METHOD_MATCH = YES;
				COPY_PHASE_STRIP = NO;
				DEBUG_INFORMATION_FORMAT = "dwarf-with-dsym";
				ENABLE_NS_ASSERTIONS = NO;
				ENABLE_STRICT_OBJC_MSGSEND = YES;
				GCC_C_LANGUAGE_STANDARD = gnu11;
				GCC_NO_COMMON_BLOCKS = YES;
				GCC_WARN_64_TO_32_BIT_CONVERSION = YES;
				GCC_WARN_ABOUT_RETURN_TYPE = YES_ERROR;
				GCC_WARN_UNDECLARED_SELECTOR = YES;
				GCC_WARN_UNINITIALIZED_AUTOS = YES_AGGRESSIVE;
				GCC_WARN_UNUSED_FUNCTION = YES;
				GCC_WARN_UNUSED_VARIABLE = YES;
				IPHONEOS_DEPLOYMENT_TARGET = 14.4;
				MTL_ENABLE_DEBUG_INFO = NO;
				MTL_FAST_MATH = YES;
				SDKROOT = iphoneos;
				SWIFT_COMPILATION_MODE = wholemodule;
				SWIFT_OPTIMIZATION_LEVEL = "-O";
				VALIDATE_PRODUCT = YES;
			};
			name = Release;
		};
		A3C6592126E005AE00D12FFA /* Debug */ = {
			isa = XCBuildConfiguration;
			buildSettings = {
				ASSETCATALOG_COMPILER_APPICON_NAME = AppIcon;
				ASSETCATALOG_COMPILER_GLOBAL_ACCENT_COLOR_NAME = AccentColor;
				CODE_SIGN_STYLE = Automatic;
				DEVELOPMENT_ASSET_PATHS = "\"DatePicker/Preview Content\"";
				DEVELOPMENT_TEAM = GN62DQ3ZM4;
				ENABLE_PREVIEWS = YES;
				INFOPLIST_FILE = DatePicker/Info.plist;
				LD_RUNPATH_SEARCH_PATHS = (
					"$(inherited)",
					"@executable_path/Frameworks",
				);
				PRODUCT_BUNDLE_IDENTIFIER = VPorg.DatePicker;
				PRODUCT_NAME = "$(TARGET_NAME)";
				SWIFT_VERSION = 5.0;
				TARGETED_DEVICE_FAMILY = "1,2";
			};
			name = Debug;
		};
		A3C6592226E005AE00D12FFA /* Release */ = {
			isa = XCBuildConfiguration;
			buildSettings = {
				ASSETCATALOG_COMPILER_APPICON_NAME = AppIcon;
				ASSETCATALOG_COMPILER_GLOBAL_ACCENT_COLOR_NAME = AccentColor;
				CODE_SIGN_STYLE = Automatic;
				DEVELOPMENT_ASSET_PATHS = "\"DatePicker/Preview Content\"";
				DEVELOPMENT_TEAM = GN62DQ3ZM4;
				ENABLE_PREVIEWS = YES;
				INFOPLIST_FILE = DatePicker/Info.plist;
				LD_RUNPATH_SEARCH_PATHS = (
					"$(inherited)",
					"@executable_path/Frameworks",
				);
				PRODUCT_BUNDLE_IDENTIFIER = VPorg.DatePicker;
				PRODUCT_NAME = "$(TARGET_NAME)";
				SWIFT_VERSION = 5.0;
				TARGETED_DEVICE_FAMILY = "1,2";
			};
			name = Release;
		};
/* End XCBuildConfiguration section */

/* Begin XCConfigurationList section */
		A3C6590726E005AB00D12FFA /* Build configuration list for PBXProject "DatePicker" */ = {
			isa = XCConfigurationList;
			buildConfigurations = (
				A3C6591E26E005AE00D12FFA /* Debug */,
				A3C6591F26E005AE00D12FFA /* Release */,
			);
			defaultConfigurationIsVisible = 0;
			defaultConfigurationName = Release;
		};
		A3C6592026E005AE00D12FFA /* Build configuration list for PBXNativeTarget "DatePicker" */ = {
			isa = XCConfigurationList;
			buildConfigurations = (
				A3C6592126E005AE00D12FFA /* Debug */,
				A3C6592226E005AE00D12FFA /* Release */,
			);
			defaultConfigurationIsVisible = 0;
			defaultConfigurationName = Release;
		};
/* End XCConfigurationList section */
	};
	rootObject = A3C6590426E005AB00D12FFA /* Project object */;
}
